
Microsoft Visual Studio Solution File, Format Version 12.00
# Visual Studio 2013
VisualStudioVersion = 12.0.30501.0
MinimumVisualStudioVersion = 10.0.40219.1
Project("{FAE04EC0-301F-11D3-BF4B-00C04F79EFBC}") = "01_SimpleFactory", "01_SimpleFactory\01_SimpleFactory.csproj", "{D315D639-B2D1-41A7-92A4-848C0A6D065E}"
EndProject
Project("{FAE04EC0-301F-11D3-BF4B-00C04F79EFBC}") = "02_Strategy", "02_Strategy\02_Strategy.csproj", "{222A463D-3A37-4B86-A720-6FBD1AF41138}"
EndProject
Global
	GlobalSection(SolutionConfigurationPlatforms) = preSolution
		Debug|Any CPU = Debug|Any CPU
		Release|Any CPU = Release|Any CPU
	EndGlobalSection
	GlobalSection(ProjectConfigurationPlatforms) = postSolution
		{D315D639-B2D1-41A7-92A4-848C0A6D065E}.Debug|Any CPU.ActiveCfg = Debug|Any CPU
		{D315D639-B2D1-41A7-92A4-848C0A6D065E}.Debug|Any CPU.Build.0 = Debug|Any CPU
		{D315D639-B2D1-41A7-92A4-848C0A6D065E}.Release|Any CPU.ActiveCfg = Release|Any CPU
		{D315D639-B2D1-41A7-92A4-848C0A6D065E}.Release|Any CPU.Build.0 = Release|Any CPU
		{222A463D-3A37-4B86-A720-6FBD1AF41138}.Debug|Any CPU.ActiveCfg = Debug|Any CPU
		{222A463D-3A37-4B86-A720-6FBD1AF41138}.Debug|Any CPU.Build.0 = Debug|Any CPU
		{222A463D-3A37-4B86-A720-6FBD1AF41138}.Release|Any CPU.ActiveCfg = Release|Any CPU
		{222A463D-3A37-4B86-A720-6FBD1AF41138}.Release|Any CPU.Build.0 = Release|Any CPU
	EndGlobalSection
	GlobalSection(SolutionProperties) = preSolution
		HideSolutionNode = FALSE
	EndGlobalSection
EndGlobal
